// !$*UTF8*$!
{
	archiveVersion = 1;
	classes = {
	};
	objectVersion = 50;
	objects = {

/* Begin PBXBuildFile section */
		F857FE3625BCF2CD008233BF /* DateFormatter.swift in Sources */ = {isa = PBXBuildFile; fileRef = F857FE3525BCF2CD008233BF /* DateFormatter.swift */; };
		F858BDDA25BA680C00260765 /* PersistanceRepository.swift in Sources */ = {isa = PBXBuildFile; fileRef = F858BDD925BA680C00260765 /* PersistanceRepository.swift */; };
		F858BDDD25BA692F00260765 /* CoreDataRepository.swift in Sources */ = {isa = PBXBuildFile; fileRef = F858BDDC25BA692F00260765 /* CoreDataRepository.swift */; };
		F86CEDDE259D47DF00CEC55C /* MainView.swift in Sources */ = {isa = PBXBuildFile; fileRef = F86CEDDD259D47DF00CEC55C /* MainView.swift */; };
		F86CEDE2259D4D8500CEC55C /* ScheduleView.swift in Sources */ = {isa = PBXBuildFile; fileRef = F86CEDE1259D4D8500CEC55C /* ScheduleView.swift */; };
		F86CEDE525A1578C00CEC55C /* RentHistoryView.swift in Sources */ = {isa = PBXBuildFile; fileRef = F86CEDE425A1578C00CEC55C /* RentHistoryView.swift */; };
		F86CEDEA25A28A7700CEC55C /* ImagePicker.swift in Sources */ = {isa = PBXBuildFile; fileRef = F86CEDE925A28A7700CEC55C /* ImagePicker.swift */; };
		F8A3193C259D2CE100764AEB /* ExpressApp.swift in Sources */ = {isa = PBXBuildFile; fileRef = F8A3193B259D2CE100764AEB /* ExpressApp.swift */; };
		F8A3193E259D2CE100764AEB /* ContentView.swift in Sources */ = {isa = PBXBuildFile; fileRef = F8A3193D259D2CE100764AEB /* ContentView.swift */; };
		F8A31940259D2CE300764AEB /* Assets.xcassets in Resources */ = {isa = PBXBuildFile; fileRef = F8A3193F259D2CE300764AEB /* Assets.xcassets */; };
		F8A31943259D2CE300764AEB /* Preview Assets.xcassets in Resources */ = {isa = PBXBuildFile; fileRef = F8A31942259D2CE300764AEB /* Preview Assets.xcassets */; };
		F8A31945259D2CE300764AEB /* Persistence.swift in Sources */ = {isa = PBXBuildFile; fileRef = F8A31944259D2CE300764AEB /* Persistence.swift */; };
		F8A31948259D2CE300764AEB /* Express.xcdatamodeld in Sources */ = {isa = PBXBuildFile; fileRef = F8A31946259D2CE300764AEB /* Express.xcdatamodeld */; };
		F8A31953259D2DF600764AEB /* DashBoardView.swift in Sources */ = {isa = PBXBuildFile; fileRef = F8A31952259D2DF600764AEB /* DashBoardView.swift */; };
		F8AB5F2C25CF351200B6EEC8 /* Phone.swift in Sources */ = {isa = PBXBuildFile; fileRef = F8AB5F2B25CF351200B6EEC8 /* Phone.swift */; };
		F8AB5F2F25CF412D00B6EEC8 /* DashboardViewModel.swift in Sources */ = {isa = PBXBuildFile; fileRef = F8AB5F2E25CF412D00B6EEC8 /* DashboardViewModel.swift */; };
		F8D3BAF225BCFCC30000859D /* EnvironmentKey.swift in Sources */ = {isa = PBXBuildFile; fileRef = F8D3BAF125BCFCC30000859D /* EnvironmentKey.swift */; };
		F8D3BAF625BCFE980000859D /* CarModel.swift in Sources */ = {isa = PBXBuildFile; fileRef = F8D3BAF525BCFE980000859D /* CarModel.swift */; };
		F8D6B22D25A7ED3500902460 /* UIExtension.swift in Sources */ = {isa = PBXBuildFile; fileRef = F8D6B22C25A7ED3500902460 /* UIExtension.swift */; };
		F8D6B23025A7ED6100902460 /* IDView.swift in Sources */ = {isa = PBXBuildFile; fileRef = F8D6B22F25A7ED6100902460 /* IDView.swift */; };
		F8D6B23625A7EE2700902460 /* RentScheduleViewModel.swift in Sources */ = {isa = PBXBuildFile; fileRef = F8D6B23525A7EE2700902460 /* RentScheduleViewModel.swift */; };
		F8D6B23925A7F27100902460 /* DocumentViewModel.swift in Sources */ = {isa = PBXBuildFile; fileRef = F8D6B23825A7F27100902460 /* DocumentViewModel.swift */; };
		F8FD798425D0522A004405C1 /* Constant.swift in Sources */ = {isa = PBXBuildFile; fileRef = F8FD798325D0522A004405C1 /* Constant.swift */; };
		F8FD798725D06643004405C1 /* DateView.swift in Sources */ = {isa = PBXBuildFile; fileRef = F8FD798625D06643004405C1 /* DateView.swift */; };
		F8FD798A25D06682004405C1 /* DateTimeView.swift in Sources */ = {isa = PBXBuildFile; fileRef = F8FD798925D06682004405C1 /* DateTimeView.swift */; };
/* End PBXBuildFile section */

/* Begin PBXFileReference section */
		F857FE3525BCF2CD008233BF /* DateFormatter.swift */ = {isa = PBXFileReference; lastKnownFileType = sourcecode.swift; path = DateFormatter.swift; sourceTree = "<group>"; };
		F858BDD925BA680C00260765 /* PersistanceRepository.swift */ = {isa = PBXFileReference; lastKnownFileType = sourcecode.swift; path = PersistanceRepository.swift; sourceTree = "<group>"; };
		F858BDDC25BA692F00260765 /* CoreDataRepository.swift */ = {isa = PBXFileReference; lastKnownFileType = sourcecode.swift; path = CoreDataRepository.swift; sourceTree = "<group>"; };
		F86CEDDD259D47DF00CEC55C /* MainView.swift */ = {isa = PBXFileReference; lastKnownFileType = sourcecode.swift; path = MainView.swift; sourceTree = "<group>"; };
		F86CEDE1259D4D8500CEC55C /* ScheduleView.swift */ = {isa = PBXFileReference; lastKnownFileType = sourcecode.swift; path = ScheduleView.swift; sourceTree = "<group>"; };
		F86CEDE425A1578C00CEC55C /* RentHistoryView.swift */ = {isa = PBXFileReference; lastKnownFileType = sourcecode.swift; path = RentHistoryView.swift; sourceTree = "<group>"; };
		F86CEDE925A28A7700CEC55C /* ImagePicker.swift */ = {isa = PBXFileReference; lastKnownFileType = sourcecode.swift; path = ImagePicker.swift; sourceTree = "<group>"; };
		F8A31938259D2CE100764AEB /* Express.app */ = {isa = PBXFileReference; explicitFileType = wrapper.application; includeInIndex = 0; path = Express.app; sourceTree = BUILT_PRODUCTS_DIR; };
		F8A3193B259D2CE100764AEB /* ExpressApp.swift */ = {isa = PBXFileReference; lastKnownFileType = sourcecode.swift; path = ExpressApp.swift; sourceTree = "<group>"; };
		F8A3193D259D2CE100764AEB /* ContentView.swift */ = {isa = PBXFileReference; lastKnownFileType = sourcecode.swift; path = ContentView.swift; sourceTree = "<group>"; };
		F8A3193F259D2CE300764AEB /* Assets.xcassets */ = {isa = PBXFileReference; lastKnownFileType = folder.assetcatalog; path = Assets.xcassets; sourceTree = "<group>"; };
		F8A31942259D2CE300764AEB /* Preview Assets.xcassets */ = {isa = PBXFileReference; lastKnownFileType = folder.assetcatalog; path = "Preview Assets.xcassets"; sourceTree = "<group>"; };
		F8A31944259D2CE300764AEB /* Persistence.swift */ = {isa = PBXFileReference; lastKnownFileType = sourcecode.swift; path = Persistence.swift; sourceTree = "<group>"; };
		F8A31947259D2CE300764AEB /* Express.xcdatamodel */ = {isa = PBXFileReference; lastKnownFileType = wrapper.xcdatamodel; path = Express.xcdatamodel; sourceTree = "<group>"; };
		F8A31949259D2CE300764AEB /* Info.plist */ = {isa = PBXFileReference; lastKnownFileType = text.plist.xml; path = Info.plist; sourceTree = "<group>"; };
		F8A31952259D2DF600764AEB /* DashBoardView.swift */ = {isa = PBXFileReference; lastKnownFileType = sourcecode.swift; path = DashBoardView.swift; sourceTree = "<group>"; };
		F8AB5F2B25CF351200B6EEC8 /* Phone.swift */ = {isa = PBXFileReference; lastKnownFileType = sourcecode.swift; path = Phone.swift; sourceTree = "<group>"; };
		F8AB5F2E25CF412D00B6EEC8 /* DashboardViewModel.swift */ = {isa = PBXFileReference; lastKnownFileType = sourcecode.swift; path = DashboardViewModel.swift; sourceTree = "<group>"; };
		F8D3BAF125BCFCC30000859D /* EnvironmentKey.swift */ = {isa = PBXFileReference; lastKnownFileType = sourcecode.swift; path = EnvironmentKey.swift; sourceTree = "<group>"; };
		F8D3BAF525BCFE980000859D /* CarModel.swift */ = {isa = PBXFileReference; lastKnownFileType = sourcecode.swift; path = CarModel.swift; sourceTree = "<group>"; };
		F8D6B22C25A7ED3500902460 /* UIExtension.swift */ = {isa = PBXFileReference; lastKnownFileType = sourcecode.swift; path = UIExtension.swift; sourceTree = "<group>"; };
		F8D6B22F25A7ED6100902460 /* IDView.swift */ = {isa = PBXFileReference; lastKnownFileType = sourcecode.swift; path = IDView.swift; sourceTree = "<group>"; };
		F8D6B23525A7EE2700902460 /* RentScheduleViewModel.swift */ = {isa = PBXFileReference; lastKnownFileType = sourcecode.swift; path = RentScheduleViewModel.swift; sourceTree = "<group>"; };
		F8D6B23825A7F27100902460 /* DocumentViewModel.swift */ = {isa = PBXFileReference; lastKnownFileType = sourcecode.swift; path = DocumentViewModel.swift; sourceTree = "<group>"; };
		F8FD798325D0522A004405C1 /* Constant.swift */ = {isa = PBXFileReference; lastKnownFileType = sourcecode.swift; path = Constant.swift; sourceTree = "<group>"; };
		F8FD798625D06643004405C1 /* DateView.swift */ = {isa = PBXFileReference; lastKnownFileType = sourcecode.swift; path = DateView.swift; sourceTree = "<group>"; };
		F8FD798925D06682004405C1 /* DateTimeView.swift */ = {isa = PBXFileReference; lastKnownFileType = sourcecode.swift; path = DateTimeView.swift; sourceTree = "<group>"; };
/* End PBXFileReference section */

/* Begin PBXFrameworksBuildPhase section */
		F8A31935259D2CE100764AEB /* Frameworks */ = {
			isa = PBXFrameworksBuildPhase;
			buildActionMask = 2147483647;
			files = (
			);
			runOnlyForDeploymentPostprocessing = 0;
		};
/* End PBXFrameworksBuildPhase section */

/* Begin PBXGroup section */
		F857FE3425BCF2BA008233BF /* Commons */ = {
			isa = PBXGroup;
			children = (
				F8D3BAF525BCFE980000859D /* CarModel.swift */,
				F857FE3525BCF2CD008233BF /* DateFormatter.swift */,
				F8AB5F2B25CF351200B6EEC8 /* Phone.swift */,
				F8FD798325D0522A004405C1 /* Constant.swift */,
			);
			path = Commons;
			sourceTree = "<group>";
		};
		F858BDD625BA670100260765 /* Data */ = {
			isa = PBXGroup;
			children = (
				F858BDD825BA674700260765 /* Repository */,
				F858BDD725BA673300260765 /* RepositoryProtocol */,
			);
			path = Data;
			sourceTree = "<group>";
		};
		F858BDD725BA673300260765 /* RepositoryProtocol */ = {
			isa = PBXGroup;
			children = (
				F858BDD925BA680C00260765 /* PersistanceRepository.swift */,
			);
			path = RepositoryProtocol;
			sourceTree = "<group>";
		};
		F858BDD825BA674700260765 /* Repository */ = {
			isa = PBXGroup;
			children = (
				F858BDDC25BA692F00260765 /* CoreDataRepository.swift */,
			);
			path = Repository;
			sourceTree = "<group>";
		};
		F858BDDF25BA6BEC00260765 /* CoreData */ = {
			isa = PBXGroup;
			children = (
				F8A31946259D2CE300764AEB /* Express.xcdatamodeld */,
			);
			path = CoreData;
			sourceTree = "<group>";
		};
		F86CEDE825A28A4400CEC55C /* SUI-UIKit */ = {
			isa = PBXGroup;
			children = (
				F86CEDE925A28A7700CEC55C /* ImagePicker.swift */,
			);
			path = "SUI-UIKit";
			sourceTree = "<group>";
		};
		F8A3192F259D2CE100764AEB = {
			isa = PBXGroup;
			children = (
				F8A3193A259D2CE100764AEB /* Express */,
				F8A31939259D2CE100764AEB /* Products */,
			);
			sourceTree = "<group>";
		};
		F8A31939259D2CE100764AEB /* Products */ = {
			isa = PBXGroup;
			children = (
				F8A31938259D2CE100764AEB /* Express.app */,
			);
			name = Products;
			sourceTree = "<group>";
		};
		F8A3193A259D2CE100764AEB /* Express */ = {
			isa = PBXGroup;
			children = (
				F857FE3425BCF2BA008233BF /* Commons */,
				F858BDDF25BA6BEC00260765 /* CoreData */,
				F858BDD625BA670100260765 /* Data */,
				F8D6B23325A7EDE900902460 /* Presentation */,
				F8A3193B259D2CE100764AEB /* ExpressApp.swift */,
				F8A3193D259D2CE100764AEB /* ContentView.swift */,
				F8A3193F259D2CE300764AEB /* Assets.xcassets */,
				F8A31944259D2CE300764AEB /* Persistence.swift */,
				F8A31949259D2CE300764AEB /* Info.plist */,
				F8A31941259D2CE300764AEB /* Preview Content */,
			);
			path = Express;
			sourceTree = "<group>";
		};
		F8A31941259D2CE300764AEB /* Preview Content */ = {
			isa = PBXGroup;
			children = (
				F8A31942259D2CE300764AEB /* Preview Assets.xcassets */,
			);
			path = "Preview Content";
			sourceTree = "<group>";
		};
		F8A31950259D2D7300764AEB /* View */ = {
			isa = PBXGroup;
			children = (
				F86CEDE825A28A4400CEC55C /* SUI-UIKit */,
				F8A31952259D2DF600764AEB /* DashBoardView.swift */,
				F86CEDDD259D47DF00CEC55C /* MainView.swift */,
				F8D6B23225A7EDB100902460 /* ScheduleRent */,
				F86CEDE425A1578C00CEC55C /* RentHistoryView.swift */,
				F8D6B22C25A7ED3500902460 /* UIExtension.swift */,
			);
			path = View;
			sourceTree = "<group>";
		};
		F8D3BAF025BCFCB10000859D /* Commons */ = {
			isa = PBXGroup;
			children = (
				F8D3BAF125BCFCC30000859D /* EnvironmentKey.swift */,
				F8FD798625D06643004405C1 /* DateView.swift */,
				F8FD798925D06682004405C1 /* DateTimeView.swift */,
			);
			path = Commons;
			sourceTree = "<group>";
		};
		F8D6B23225A7EDB100902460 /* ScheduleRent */ = {
			isa = PBXGroup;
			children = (
				F86CEDE1259D4D8500CEC55C /* ScheduleView.swift */,
				F8D6B22F25A7ED6100902460 /* IDView.swift */,
			);
			path = ScheduleRent;
			sourceTree = "<group>";
		};
		F8D6B23325A7EDE900902460 /* Presentation */ = {
			isa = PBXGroup;
			children = (
				F8D3BAF025BCFCB10000859D /* Commons */,
				F8D6B23425A7EDF200902460 /* ViewModel */,
				F8A31950259D2D7300764AEB /* View */,
			);
			path = Presentation;
			sourceTree = "<group>";
		};
		F8D6B23425A7EDF200902460 /* ViewModel */ = {
			isa = PBXGroup;
			children = (
				F8D6B23525A7EE2700902460 /* RentScheduleViewModel.swift */,
				F8D6B23825A7F27100902460 /* DocumentViewModel.swift */,
				F8AB5F2E25CF412D00B6EEC8 /* DashboardViewModel.swift */,
			);
			path = ViewModel;
			sourceTree = "<group>";
		};
/* End PBXGroup section */

/* Begin PBXNativeTarget section */
		F8A31937259D2CE100764AEB /* Express */ = {
			isa = PBXNativeTarget;
			buildConfigurationList = F8A3194C259D2CE300764AEB /* Build configuration list for PBXNativeTarget "Express" */;
			buildPhases = (
				F8A31934259D2CE100764AEB /* Sources */,
				F8A31935259D2CE100764AEB /* Frameworks */,
				F8A31936259D2CE100764AEB /* Resources */,
			);
			buildRules = (
			);
			dependencies = (
			);
			name = Express;
			productName = Express;
			productReference = F8A31938259D2CE100764AEB /* Express.app */;
			productType = "com.apple.product-type.application";
		};
/* End PBXNativeTarget section */

/* Begin PBXProject section */
		F8A31930259D2CE100764AEB /* Project object */ = {
			isa = PBXProject;
			attributes = {
				LastSwiftUpdateCheck = 1230;
				LastUpgradeCheck = 1230;
				TargetAttributes = {
					F8A31937259D2CE100764AEB = {
						CreatedOnToolsVersion = 12.3;
					};
				};
			};
			buildConfigurationList = F8A31933259D2CE100764AEB /* Build configuration list for PBXProject "Express" */;
			compatibilityVersion = "Xcode 9.3";
			developmentRegion = en;
			hasScannedForEncodings = 0;
			knownRegions = (
				en,
				Base,
			);
			mainGroup = F8A3192F259D2CE100764AEB;
			productRefGroup = F8A31939259D2CE100764AEB /* Products */;
			projectDirPath = "";
			projectRoot = "";
			targets = (
				F8A31937259D2CE100764AEB /* Express */,
			);
		};
/* End PBXProject section */

/* Begin PBXResourcesBuildPhase section */
		F8A31936259D2CE100764AEB /* Resources */ = {
			isa = PBXResourcesBuildPhase;
			buildActionMask = 2147483647;
			files = (
				F8A31943259D2CE300764AEB /* Preview Assets.xcassets in Resources */,
				F8A31940259D2CE300764AEB /* Assets.xcassets in Resources */,
			);
			runOnlyForDeploymentPostprocessing = 0;
		};
/* End PBXResourcesBuildPhase section */

/* Begin PBXSourcesBuildPhase section */
		F8A31934259D2CE100764AEB /* Sources */ = {
			isa = PBXSourcesBuildPhase;
			buildActionMask = 2147483647;
			files = (
				F857FE3625BCF2CD008233BF /* DateFormatter.swift in Sources */,
				F8D6B23625A7EE2700902460 /* RentScheduleViewModel.swift in Sources */,
				F8D3BAF225BCFCC30000859D /* EnvironmentKey.swift in Sources */,
				F8A31945259D2CE300764AEB /* Persistence.swift in Sources */,
				F86CEDDE259D47DF00CEC55C /* MainView.swift in Sources */,
				F8FD798A25D06682004405C1 /* DateTimeView.swift in Sources */,
				F8A3193E259D2CE100764AEB /* ContentView.swift in Sources */,
				F8D6B22D25A7ED3500902460 /* UIExtension.swift in Sources */,
				F858BDDA25BA680C00260765 /* PersistanceRepository.swift in Sources */,
				F86CEDEA25A28A7700CEC55C /* ImagePicker.swift in Sources */,
				F8D6B23925A7F27100902460 /* DocumentViewModel.swift in Sources */,
				F86CEDE2259D4D8500CEC55C /* ScheduleView.swift in Sources */,
				F8AB5F2F25CF412D00B6EEC8 /* DashboardViewModel.swift in Sources */,
				F8A31953259D2DF600764AEB /* DashBoardView.swift in Sources */,
				F858BDDD25BA692F00260765 /* CoreDataRepository.swift in Sources */,
				F8FD798725D06643004405C1 /* DateView.swift in Sources */,
				F8FD798425D0522A004405C1 /* Constant.swift in Sources */,
				F8A31948259D2CE300764AEB /* Express.xcdatamodeld in Sources */,
				F8D3BAF625BCFE980000859D /* CarModel.swift in Sources */,
				F8D6B23025A7ED6100902460 /* IDView.swift in Sources */,
				F86CEDE525A1578C00CEC55C /* RentHistoryView.swift in Sources */,
				F8AB5F2C25CF351200B6EEC8 /* Phone.swift in Sources */,
				F8A3193C259D2CE100764AEB /* ExpressApp.swift in Sources */,
			);
			runOnlyForDeploymentPostprocessing = 0;
		};
/* End PBXSourcesBuildPhase section */

/* Begin XCBuildConfiguration section */
		F8A3194A259D2CE300764AEB /* Debug */ = {
			isa = XCBuildConfiguration;
			buildSettings = {
				ALWAYS_SEARCH_USER_PATHS = NO;
				CLANG_ANALYZER_NONNULL = YES;
				CLANG_ANALYZER_NUMBER_OBJECT_CONVERSION = YES_AGGRESSIVE;
				CLANG_CXX_LANGUAGE_STANDARD = "gnu++14";
				CLANG_CXX_LIBRARY = "libc++";
				CLANG_ENABLE_MODULES = YES;
				CLANG_ENABLE_OBJC_ARC = YES;
				CLANG_ENABLE_OBJC_WEAK = YES;
				CLANG_WARN_BLOCK_CAPTURE_AUTORELEASING = YES;
				CLANG_WARN_BOOL_CONVERSION = YES;
				CLANG_WARN_COMMA = YES;
				CLANG_WARN_CONSTANT_CONVERSION = YES;
				CLANG_WARN_DEPRECATED_OBJC_IMPLEMENTATIONS = YES;
				CLANG_WARN_DIRECT_OBJC_ISA_USAGE = YES_ERROR;
				CLANG_WARN_DOCUMENTATION_COMMENTS = YES;
				CLANG_WARN_EMPTY_BODY = YES;
				CLANG_WARN_ENUM_CONVERSION = YES;
				CLANG_WARN_INFINITE_RECURSION = YES;
				CLANG_WARN_INT_CONVERSION = YES;
				CLANG_WARN_NON_LITERAL_NULL_CONVERSION = YES;
				CLANG_WARN_OBJC_IMPLICIT_RETAIN_SELF = YES;
				CLANG_WARN_OBJC_LITERAL_CONVERSION = YES;
				CLANG_WARN_OBJC_ROOT_CLASS = YES_ERROR;
				CLANG_WARN_QUOTED_INCLUDE_IN_FRAMEWORK_HEADER = YES;
				CLANG_WARN_RANGE_LOOP_ANALYSIS = YES;
				CLANG_WARN_STRICT_PROTOTYPES = YES;
				CLANG_WARN_SUSPICIOUS_MOVE = YES;
				CLANG_WARN_UNGUARDED_AVAILABILITY = YES_AGGRESSIVE;
				CLANG_WARN_UNREACHABLE_CODE = YES;
				CLANG_WARN__DUPLICATE_METHOD_MATCH = YES;
				COPY_PHASE_STRIP = NO;
				DEBUG_INFORMATION_FORMAT = dwarf;
				ENABLE_STRICT_OBJC_MSGSEND = YES;
				ENABLE_TESTABILITY = YES;
				GCC_C_LANGUAGE_STANDARD = gnu11;
				GCC_DYNAMIC_NO_PIC = NO;
				GCC_NO_COMMON_BLOCKS = YES;
				GCC_OPTIMIZATION_LEVEL = 0;
				GCC_PREPROCESSOR_DEFINITIONS = (
					"DEBUG=1",
					"$(inherited)",
				);
				GCC_WARN_64_TO_32_BIT_CONVERSION = YES;
				GCC_WARN_ABOUT_RETURN_TYPE = YES_ERROR;
				GCC_WARN_UNDECLARED_SELECTOR = YES;
				GCC_WARN_UNINITIALIZED_AUTOS = YES_AGGRESSIVE;
				GCC_WARN_UNUSED_FUNCTION = YES;
				GCC_WARN_UNUSED_VARIABLE = YES;
				IPHONEOS_DEPLOYMENT_TARGET = 14.3;
				MTL_ENABLE_DEBUG_INFO = INCLUDE_SOURCE;
				MTL_FAST_MATH = YES;
				ONLY_ACTIVE_ARCH = YES;
				SDKROOT = iphoneos;
				SWIFT_ACTIVE_COMPILATION_CONDITIONS = DEBUG;
				SWIFT_OPTIMIZATION_LEVEL = "-Onone";
			};
			name = Debug;
		};
		F8A3194B259D2CE300764AEB /* Release */ = {
			isa = XCBuildConfiguration;
			buildSettings = {
				ALWAYS_SEARCH_USER_PATHS = NO;
				CLANG_ANALYZER_NONNULL = YES;
				CLANG_ANALYZER_NUMBER_OBJECT_CONVERSION = YES_AGGRESSIVE;
				CLANG_CXX_LANGUAGE_STANDARD = "gnu++14";
				CLANG_CXX_LIBRARY = "libc++";
				CLANG_ENABLE_MODULES = YES;
				CLANG_ENABLE_OBJC_ARC = YES;
				CLANG_ENABLE_OBJC_WEAK = YES;
				CLANG_WARN_BLOCK_CAPTURE_AUTORELEASING = YES;
				CLANG_WARN_BOOL_CONVERSION = YES;
				CLANG_WARN_COMMA = YES;
				CLANG_WARN_CONSTANT_CONVERSION = YES;
				CLANG_WARN_DEPRECATED_OBJC_IMPLEMENTATIONS = YES;
				CLANG_WARN_DIRECT_OBJC_ISA_USAGE = YES_ERROR;
				CLANG_WARN_DOCUMENTATION_COMMENTS = YES;
				CLANG_WARN_EMPTY_BODY = YES;
				CLANG_WARN_ENUM_CONVERSION = YES;
				CLANG_WARN_INFINITE_RECURSION = YES;
				CLANG_WARN_INT_CONVERSION = YES;
				CLANG_WARN_NON_LITERAL_NULL_CONVERSION = YES;
				CLANG_WARN_OBJC_IMPLICIT_RETAIN_SELF = YES;
				CLANG_WARN_OBJC_LITERAL_CONVERSION = YES;
				CLANG_WARN_OBJC_ROOT_CLASS = YES_ERROR;
				CLANG_WARN_QUOTED_INCLUDE_IN_FRAMEWORK_HEADER = YES;
				CLANG_WARN_RANGE_LOOP_ANALYSIS = YES;
				CLANG_WARN_STRICT_PROTOTYPES = YES;
				CLANG_WARN_SUSPICIOUS_MOVE = YES;
				CLANG_WARN_UNGUARDED_AVAILABILITY = YES_AGGRESSIVE;
				CLANG_WARN_UNREACHABLE_CODE = YES;
				CLANG_WARN__DUPLICATE_METHOD_MATCH = YES;
				COPY_PHASE_STRIP = NO;
				DEBUG_INFORMATION_FORMAT = "dwarf-with-dsym";
				ENABLE_NS_ASSERTIONS = NO;
				ENABLE_STRICT_OBJC_MSGSEND = YES;
				GCC_C_LANGUAGE_STANDARD = gnu11;
				GCC_NO_COMMON_BLOCKS = YES;
				GCC_WARN_64_TO_32_BIT_CONVERSION = YES;
				GCC_WARN_ABOUT_RETURN_TYPE = YES_ERROR;
				GCC_WARN_UNDECLARED_SELECTOR = YES;
				GCC_WARN_UNINITIALIZED_AUTOS = YES_AGGRESSIVE;
				GCC_WARN_UNUSED_FUNCTION = YES;
				GCC_WARN_UNUSED_VARIABLE = YES;
				IPHONEOS_DEPLOYMENT_TARGET = 14.3;
				MTL_ENABLE_DEBUG_INFO = NO;
				MTL_FAST_MATH = YES;
				SDKROOT = iphoneos;
				SWIFT_COMPILATION_MODE = wholemodule;
				SWIFT_OPTIMIZATION_LEVEL = "-O";
				VALIDATE_PRODUCT = YES;
			};
			name = Release;
		};
		F8A3194D259D2CE300764AEB /* Debug */ = {
			isa = XCBuildConfiguration;
			buildSettings = {
				ASSETCATALOG_COMPILER_APPICON_NAME = AppIcon;
				ASSETCATALOG_COMPILER_GLOBAL_ACCENT_COLOR_NAME = AccentColor;
				CODE_SIGN_IDENTITY = "Apple Development";
				CODE_SIGN_STYLE = Automatic;
				DEVELOPMENT_ASSET_PATHS = "\"Express/Preview Content\"";
				DEVELOPMENT_TEAM = SHT3F8H6HH;
				ENABLE_PREVIEWS = YES;
				INFOPLIST_FILE = Express/Info.plist;
				IPHONEOS_DEPLOYMENT_TARGET = 14.0;
				LD_RUNPATH_SEARCH_PATHS = (
					"$(inherited)",
					"@executable_path/Frameworks",
				);
				PRODUCT_BUNDLE_IDENTIFIER = com.torolabs.express.dev;
				PRODUCT_NAME = "$(TARGET_NAME)";
				PROVISIONING_PROFILE_SPECIFIER = "";
				SWIFT_VERSION = 5.0;
				TARGETED_DEVICE_FAMILY = "1,2";
			};
			name = Debug;
		};
		F8A3194E259D2CE300764AEB /* Release */ = {
			isa = XCBuildConfiguration;
			buildSettings = {
				ASSETCATALOG_COMPILER_APPICON_NAME = AppIcon;
				ASSETCATALOG_COMPILER_GLOBAL_ACCENT_COLOR_NAME = AccentColor;
				CODE_SIGN_IDENTITY = "Apple Development";
				CODE_SIGN_STYLE = Automatic;
				DEVELOPMENT_ASSET_PATHS = "\"Express/Preview Content\"";
				DEVELOPMENT_TEAM = SHT3F8H6HH;
				ENABLE_PREVIEWS = YES;
				INFOPLIST_FILE = Express/Info.plist;
				IPHONEOS_DEPLOYMENT_TARGET = 14.0;
				LD_RUNPATH_SEARCH_PATHS = (
					"$(inherited)",
					"@executable_path/Frameworks",
				);
				PRODUCT_BUNDLE_IDENTIFIER = com.torolabs.express.dev;
				PRODUCT_NAME = "$(TARGET_NAME)";
				PROVISIONING_PROFILE_SPECIFIER = "";
				SWIFT_VERSION = 5.0;
				TARGETED_DEVICE_FAMILY = "1,2";
			};
			name = Release;
		};
/* End XCBuildConfiguration section */

/* Begin XCConfigurationList section */
		F8A31933259D2CE100764AEB /* Build configuration list for PBXProject "Express" */ = {
			isa = XCConfigurationList;
			buildConfigurations = (
				F8A3194A259D2CE300764AEB /* Debug */,
				F8A3194B259D2CE300764AEB /* Release */,
			);
			defaultConfigurationIsVisible = 0;
			defaultConfigurationName = Release;
		};
		F8A3194C259D2CE300764AEB /* Build configuration list for PBXNativeTarget "Express" */ = {
			isa = XCConfigurationList;
			buildConfigurations = (
				F8A3194D259D2CE300764AEB /* Debug */,
				F8A3194E259D2CE300764AEB /* Release */,
			);
			defaultConfigurationIsVisible = 0;
			defaultConfigurationName = Release;
		};
/* End XCConfigurationList section */

/* Begin XCVersionGroup section */
		F8A31946259D2CE300764AEB /* Express.xcdatamodeld */ = {
			isa = XCVersionGroup;
			children = (
				F8A31947259D2CE300764AEB /* Express.xcdatamodel */,
			);
			currentVersion = F8A31947259D2CE300764AEB /* Express.xcdatamodel */;
			path = Express.xcdatamodeld;
			sourceTree = "<group>";
			versionGroupType = wrapper.xcdatamodel;
		};
/* End XCVersionGroup section */
	};
	rootObject = F8A31930259D2CE100764AEB /* Project object */;
}
